
Microsoft Visual Studio Solution File, Format Version 12.00
# Visual Studio Version 17
VisualStudioVersion = 17.13.35931.197 d17.13
MinimumVisualStudioVersion = 10.0.40219.1
Project("{FAE04EC0-301F-11D3-BF4B-00C04F79EFBC}") = "ATMsystem", "ATMsystem\ATMsystem.csproj", "{2D76C6D8-9961-4B44-B8BB-FDCD122C6C48}"
EndProject
Global
	GlobalSection(SolutionConfigurationPlatforms) = preSolution
		Debug|Any CPU = Debug|Any CPU
		Release|Any CPU = Release|Any CPU
	EndGlobalSection
	GlobalSection(ProjectConfigurationPlatforms) = postSolution
		{2D76C6D8-9961-4B44-B8BB-FDCD122C6C48}.Debug|Any CPU.ActiveCfg = Debug|Any CPU
		{2D76C6D8-9961-4B44-B8BB-FDCD122C6C48}.Debug|Any CPU.Build.0 = Debug|Any CPU
		{2D76C6D8-9961-4B44-B8BB-FDCD122C6C48}.Release|Any CPU.ActiveCfg = Release|Any CPU
		{2D76C6D8-9961-4B44-B8BB-FDCD122C6C48}.Release|Any CPU.Build.0 = Release|Any CPU
	EndGlobalSection
	GlobalSection(SolutionProperties) = preSolution
		HideSolutionNode = FALSE
	EndGlobalSection
	GlobalSection(ExtensibilityGlobals) = postSolution
		SolutionGuid = {6E0A311C-2C57-4567-8EC5-907DC8ED00DA}
	EndGlobalSection
EndGlobal
